# This file was autogenerated by Stack.
# You should not edit this file by hand.
# For more information, please see the documentation at:
#   https://docs.haskellstack.org/en/stable/lock_files

packages:
- completed:
    hackage: polysemy-1.7.1.0@sha256:3ead7a332abd70b202920ed3bf2e36866de163f821e643adfdcc9d39867b8033,5977
    pantry-tree:
      size: 4577
      sha256: 22f540602a4d5565d4d90bc6084eb4e578f1ed934917a4efd6b01f5b90f49fea
  original:
    hackage: polysemy-1.7.1.0
- completed:
    hackage: polysemy-plugin-0.4.3.0@sha256:f209949af8e70175add9998d8343020fff78e01ea8d70f4e0bda1eaac132acce,3154
    pantry-tree:
      size: 1229
      sha256: afcc16bcdbd5daca6b0083690d4283b2d6db8f4d3c0a9e629e83b6796ae4479b
  original:
    hackage: polysemy-plugin-0.4.3.0
- completed:
    name: polysemy-extra
    version: 0.2.0.1
    git: https://gitlab.homotopic.tech/metaxis/polysemy-extra
    pantry-tree:
      size: 591
      sha256: 0b8b811a192caed6d6652afafa97d06fca6280317309e55286978a6bc8b6ddbf
    commit: b3f53c7fd7385e2d2e6bcca07e92a1f2f28f8704
  original:
    git: https://gitlab.homotopic.tech/metaxis/polysemy-extra
    commit: b3f53c7fd7385e2d2e6bcca07e92a1f2f28f8704
- completed:
    name: polysemy-kvstore
    version: 0.1.2.1
    git: https://gitlab.homotopic.tech/metaxis/polysemy-kvstore
    pantry-tree:
      size: 593
      sha256: 764f74b9eafb4baf517fee007e37d716f7ebac7bb8b450cbfdf94f950b52b2b1
    commit: 5e5e247fffc77aa67f03825dbfcc51f0dec2fb30
  original:
    git: https://gitlab.homotopic.tech/metaxis/polysemy-kvstore
    commit: 5e5e247fffc77aa67f03825dbfcc51f0dec2fb30
- completed:
    name: polysemy-path
    version: 0.2.1.0
    git: https://gitlab.homotopic.tech/metaxis/polysemy-path
    pantry-tree:
      size: 588
      sha256: bc2ba13237a93adfbb5504e2fb90d932a1521e742252c055fceb3eb71b944572
    commit: 3bfdc69b9a96055b07427f29f6b246ef0a71cea8
  original:
    git: https://gitlab.homotopic.tech/metaxis/polysemy-path
    commit: 3bfdc69b9a96055b07427f29f6b246ef0a71cea8
- completed:
    hackage: radixtree-0.6.0.0@sha256:0151fe514ce37b33b8689dd0e2ca13320d272dc062e8f3bd9e9903d3979146ce,1907
    pantry-tree:
      size: 338
      sha256: 2f4b7e2abdc1e7c12b025b53029beb243edba88949cb12c66e17104d08c1a986
  original:
    hackage: radixtree-0.6.0.0
- completed:
    hackage: tomland-1.3.3.1@sha256:83a8fd26a97164100541f7b26aa40ffdc6f230b21e94cbb3eae1fb7093c4356e,8924
    pantry-tree:
      size: 6430
      sha256: 0e3bdbd32955944c3ee9ff0f47dc765d25ab6be4a336c6d735eed8eb9bc8ce27
  original:
    hackage: tomland-1.3.3.1
- completed:
    hackage: validation-selective-0.1.0.1@sha256:9a5aa8b801efc6a4ffb120e1b28e80c5f7d090043be56bba11222cd20c393044,3621
    pantry-tree:
      size: 696
      sha256: bf72fe4304690da4b5bc6e5218b0f90b5613e7d658f3ce31731816a423fcbca6
  original:
    hackage: validation-selective-0.1.0.1
- completed:
    hackage: selective-0.4.2@sha256:d223434ba4545a09b02dbdc7a4d63bd41ef40cc3d3d82883ccc6daea9d2b2dd5,3507
    pantry-tree:
      size: 1160
      sha256: 38f9abe506185137433e9620f702efc40aae7aaab8d3797ceb0b31fc3342ec32
  original:
    hackage: selective-0.4.2
snapshots:
- completed:
    size: 618506
    url: https://raw.githubusercontent.com/commercialhaskell/stackage-snapshots/master/lts/19/8.yaml
    sha256: f1c4aca9b9b81afbb9db55571acb0690cdc01ac97a178234de281f9dc075e95e
  original: lts-19.8
