# This file was autogenerated by Stack.
# You should not edit this file by hand.
# For more information, please see the documentation at:
#   https://docs.haskellstack.org/en/stable/lock_files

packages:
- completed:
    hackage: path-io-1.4.0@sha256:a22a9197c49419326f1c90bc9503301e1f3e5f3325282d95f20eedb631228880,2618
    pantry-tree:
      size: 364
      sha256: d4096224a61c6482c12cf57510769fa0220ef730555de250277908d20833863b
  original:
    hackage: path-io-1.4.0
- completed:
    hackage: radixtree-0.4.0.0@sha256:8f0214d8d546d440b10c4775ef34b620ac0eb356e4d1a2030296da416bcbfcc9,2292
    pantry-tree:
      size: 384
      sha256: 4c4065b6d54b09ace1891324a215b3668ccf09791399886983ad953840028c69
  original:
    hackage: radixtree-0.4.0.0
- completed:
    hackage: tomland-1.1.0.1@sha256:dcf629b1a39006276823b3bbf48658816e0812abeb55a8e84f7b9d8301166898,6589
    pantry-tree:
      size: 3622
      sha256: dcfe03cbfa5df93a92a68daaa589b9a222dfd1ec3a9b8d6fda890c77c95c0be7
  original:
    hackage: tomland-1.1.0.1
- completed:
    hackage: megaparsec-7.0.5@sha256:45e1f1348fab2783646fdb4d9e6097568981a740951c7356d36d794e2baba305,3902
    pantry-tree:
      size: 1428
      sha256: 1f8baf6e07326f8c8a2dd31de6b2860427f158b0892c52ba5fe9ffeb6cd3bf7f
  original:
    hackage: megaparsec-7.0.5
- completed:
    hackage: parser-combinators-1.2.0@sha256:784ab858e0a814d2aa36785e3c359a393be7ef7be9a37428a59908331249eb80,1845
    pantry-tree:
      size: 725
      sha256: 2bc4acaba61498d2f8d1eefcaeb557e8612cb2058918203fddc7f1595966b11b
  original:
    hackage: parser-combinators-1.2.0
- completed:
    hackage: parsers-megaparsec-0.1.0.1@sha256:2ebe722e6468bdfa1c236e2106815b0132e152eada60607f1f5f607a5f759037,1670
    pantry-tree:
      size: 238
      sha256: d270cd4ba134c9c14cb58ef2db7f68dafdd76295addfe3d93fd63c22e54fff03
  original:
    hackage: parsers-megaparsec-0.1.0.1
snapshots:
- completed:
    size: 498155
    url: https://raw.githubusercontent.com/commercialhaskell/stackage-snapshots/master/lts/13/19.yaml
    sha256: b9367a80d4393d02e58a46b8a9fdfbd7bc19f59c0c2bbf90034ba15cf52cf213
  original: lts-13.19
