# This file was autogenerated by Stack.
# You should not edit this file by hand.
# For more information, please see the documentation at:
#   https://docs.haskellstack.org/en/stable/lock_files

packages:
- completed:
    hackage: path-io-1.4.0@sha256:a22a9197c49419326f1c90bc9503301e1f3e5f3325282d95f20eedb631228880,2618
    pantry-tree:
      size: 364
      sha256: d4096224a61c6482c12cf57510769fa0220ef730555de250277908d20833863b
  original:
    hackage: path-io-1.4.0
- completed:
    hackage: radixtree-0.4.0.0@sha256:8f0214d8d546d440b10c4775ef34b620ac0eb356e4d1a2030296da416bcbfcc9,2292
    pantry-tree:
      size: 384
      sha256: 4c4065b6d54b09ace1891324a215b3668ccf09791399886983ad953840028c69
  original:
    hackage: radixtree-0.4.0.0
- completed:
    hackage: parsers-megaparsec-0.1.0.1@sha256:2ebe722e6468bdfa1c236e2106815b0132e152eada60607f1f5f607a5f759037,1670
    pantry-tree:
      size: 238
      sha256: d270cd4ba134c9c14cb58ef2db7f68dafdd76295addfe3d93fd63c22e54fff03
  original:
    hackage: parsers-megaparsec-0.1.0.1
snapshots:
- completed:
    size: 498155
    url: https://raw.githubusercontent.com/commercialhaskell/stackage-snapshots/master/lts/13/19.yaml
    sha256: b9367a80d4393d02e58a46b8a9fdfbd7bc19f59c0c2bbf90034ba15cf52cf213
  original: lts-13.19
